
Microsoft Visual Studio Solution File, Format Version 12.00
Project("{FAE04EC0-301F-11D3-BF4B-00C04F79EFBC}") = "MentalDesk.Fuse.Tests", "MentalDesk.Fuse.Tests\MentalDesk.Fuse.Tests.csproj", "{59C8FB29-DC01-4FAA-A02C-443250C7FBDB}"
EndProject
Project("{FAE04EC0-301F-11D3-BF4B-00C04F79EFBC}") = "MentalDesk.Fuse", "MentalDesk.Fuse\MentalDesk.Fuse.csproj", "{00B68F80-D933-4952-BDBF-B0C56D7F774F}"
EndProject
Project("{2150E333-8FDC-42A3-9474-1A3956D46DE8}") = ".root", ".root", "{E7E2534D-966E-47A8-9A96-4F6C8A349BD8}"
	ProjectSection(SolutionItems) = preProject
		.gitignore = .gitignore
		LICENSE = LICENSE
		CHANGELOG.md = CHANGELOG.md
		README.md = README.md
	EndProjectSection
EndProject
Project("{FAE04EC0-301F-11D3-BF4B-00C04F79EFBC}") = "Sample", "Sample\Sample.csproj", "{C59EB4B2-9732-4703-83C0-43EEB6BCA314}"
EndProject
Global
	GlobalSection(SolutionConfigurationPlatforms) = preSolution
		Debug|Any CPU = Debug|Any CPU
		Release|Any CPU = Release|Any CPU
	EndGlobalSection
	GlobalSection(ProjectConfigurationPlatforms) = postSolution
		{59C8FB29-DC01-4FAA-A02C-443250C7FBDB}.Debug|Any CPU.ActiveCfg = Debug|Any CPU
		{59C8FB29-DC01-4FAA-A02C-443250C7FBDB}.Debug|Any CPU.Build.0 = Debug|Any CPU
		{59C8FB29-DC01-4FAA-A02C-443250C7FBDB}.Release|Any CPU.ActiveCfg = Release|Any CPU
		{59C8FB29-DC01-4FAA-A02C-443250C7FBDB}.Release|Any CPU.Build.0 = Release|Any CPU
		{00B68F80-D933-4952-BDBF-B0C56D7F774F}.Debug|Any CPU.ActiveCfg = Debug|Any CPU
		{00B68F80-D933-4952-BDBF-B0C56D7F774F}.Debug|Any CPU.Build.0 = Debug|Any CPU
		{00B68F80-D933-4952-BDBF-B0C56D7F774F}.Release|Any CPU.ActiveCfg = Release|Any CPU
		{00B68F80-D933-4952-BDBF-B0C56D7F774F}.Release|Any CPU.Build.0 = Release|Any CPU
		{C59EB4B2-9732-4703-83C0-43EEB6BCA314}.Debug|Any CPU.ActiveCfg = Debug|Any CPU
		{C59EB4B2-9732-4703-83C0-43EEB6BCA314}.Debug|Any CPU.Build.0 = Debug|Any CPU
		{C59EB4B2-9732-4703-83C0-43EEB6BCA314}.Release|Any CPU.ActiveCfg = Release|Any CPU
		{C59EB4B2-9732-4703-83C0-43EEB6BCA314}.Release|Any CPU.Build.0 = Release|Any CPU
	EndGlobalSection
EndGlobal
